// !$*UTF8*$!
{
	archiveVersion = 1;
	classes = {
	};
	objectVersion = 50;
	objects = {

/* Begin PBXBuildFile section */
		683DF57C24C61595009F8D71 /* AppDelegate.swift in Sources */ = {isa = PBXBuildFile; fileRef = 683DF57B24C61595009F8D71 /* AppDelegate.swift */; };
		683DF57E24C61595009F8D71 /* SceneDelegate.swift in Sources */ = {isa = PBXBuildFile; fileRef = 683DF57D24C61595009F8D71 /* SceneDelegate.swift */; };
		683DF58024C61595009F8D71 /* ContentView.swift in Sources */ = {isa = PBXBuildFile; fileRef = 683DF57F24C61595009F8D71 /* ContentView.swift */; };
		683DF58224C61596009F8D71 /* Assets.xcassets in Resources */ = {isa = PBXBuildFile; fileRef = 683DF58124C61596009F8D71 /* Assets.xcassets */; };
		683DF58524C61596009F8D71 /* Preview Assets.xcassets in Resources */ = {isa = PBXBuildFile; fileRef = 683DF58424C61596009F8D71 /* Preview Assets.xcassets */; };
		683DF58824C61596009F8D71 /* LaunchScreen.storyboard in Resources */ = {isa = PBXBuildFile; fileRef = 683DF58624C61596009F8D71 /* LaunchScreen.storyboard */; };
		683DF59124C61DC3009F8D71 /* ShopNow.swift in Sources */ = {isa = PBXBuildFile; fileRef = 683DF59024C61DC3009F8D71 /* ShopNow.swift */; };
/* End PBXBuildFile section */

/* Begin PBXFileReference section */
		683DF57824C61595009F8D71 /* MidStateClothing.app */ = {isa = PBXFileReference; explicitFileType = wrapper.application; includeInIndex = 0; path = MidStateClothing.app; sourceTree = BUILT_PRODUCTS_DIR; };
		683DF57B24C61595009F8D71 /* AppDelegate.swift */ = {isa = PBXFileReference; lastKnownFileType = sourcecode.swift; path = AppDelegate.swift; sourceTree = "<group>"; };
		683DF57D24C61595009F8D71 /* SceneDelegate.swift */ = {isa = PBXFileReference; lastKnownFileType = sourcecode.swift; path = SceneDelegate.swift; sourceTree = "<group>"; };
		683DF57F24C61595009F8D71 /* ContentView.swift */ = {isa = PBXFileReference; lastKnownFileType = sourcecode.swift; path = ContentView.swift; sourceTree = "<group>"; };
		683DF58124C61596009F8D71 /* Assets.xcassets */ = {isa = PBXFileReference; lastKnownFileType = folder.assetcatalog; path = Assets.xcassets; sourceTree = "<group>"; };
		683DF58424C61596009F8D71 /* Preview Assets.xcassets */ = {isa = PBXFileReference; lastKnownFileType = folder.assetcatalog; path = "Preview Assets.xcassets"; sourceTree = "<group>"; };
		683DF58724C61596009F8D71 /* Base */ = {isa = PBXFileReference; lastKnownFileType = file.storyboard; name = Base; path = Base.lproj/LaunchScreen.storyboard; sourceTree = "<group>"; };
		683DF58924C61596009F8D71 /* Info.plist */ = {isa = PBXFileReference; lastKnownFileType = text.plist.xml; path = Info.plist; sourceTree = "<group>"; };
		683DF59024C61DC3009F8D71 /* ShopNow.swift */ = {isa = PBXFileReference; lastKnownFileType = sourcecode.swift; path = ShopNow.swift; sourceTree = "<group>"; };
/* End PBXFileReference section */

/* Begin PBXFrameworksBuildPhase section */
		683DF57524C61595009F8D71 /* Frameworks */ = {
			isa = PBXFrameworksBuildPhase;
			buildActionMask = 2147483647;
			files = (
			);
			runOnlyForDeploymentPostprocessing = 0;
		};
/* End PBXFrameworksBuildPhase section */

/* Begin PBXGroup section */
		683DF56F24C61595009F8D71 = {
			isa = PBXGroup;
			children = (
				683DF57A24C61595009F8D71 /* MidStateClothing */,
				683DF57924C61595009F8D71 /* Products */,
			);
			sourceTree = "<group>";
		};
		683DF57924C61595009F8D71 /* Products */ = {
			isa = PBXGroup;
			children = (
				683DF57824C61595009F8D71 /* MidStateClothing.app */,
			);
			name = Products;
			sourceTree = "<group>";
		};
		683DF57A24C61595009F8D71 /* MidStateClothing */ = {
			isa = PBXGroup;
			children = (
				683DF59324C61F01009F8D71 /* Models */,
				683DF59224C61EE2009F8D71 /* Views */,
				683DF57B24C61595009F8D71 /* AppDelegate.swift */,
				683DF57D24C61595009F8D71 /* SceneDelegate.swift */,
				683DF57F24C61595009F8D71 /* ContentView.swift */,
				683DF58124C61596009F8D71 /* Assets.xcassets */,
				683DF58624C61596009F8D71 /* LaunchScreen.storyboard */,
				683DF58924C61596009F8D71 /* Info.plist */,
				683DF58324C61596009F8D71 /* Preview Content */,
			);
			path = MidStateClothing;
			sourceTree = "<group>";
		};
		683DF58324C61596009F8D71 /* Preview Content */ = {
			isa = PBXGroup;
			children = (
				683DF58424C61596009F8D71 /* Preview Assets.xcassets */,
			);
			path = "Preview Content";
			sourceTree = "<group>";
		};
		683DF58F24C61D12009F8D71 /* Buttons */ = {
			isa = PBXGroup;
			children = (
				683DF59024C61DC3009F8D71 /* ShopNow.swift */,
			);
			path = Buttons;
			sourceTree = "<group>";
		};
		683DF59224C61EE2009F8D71 /* Views */ = {
			isa = PBXGroup;
			children = (
				683DF58F24C61D12009F8D71 /* Buttons */,
			);
			path = Views;
			sourceTree = "<group>";
		};
		683DF59324C61F01009F8D71 /* Models */ = {
			isa = PBXGroup;
			children = (
			);
			path = Models;
			sourceTree = "<group>";
		};
/* End PBXGroup section */

/* Begin PBXNativeTarget section */
		683DF57724C61595009F8D71 /* MidStateClothing */ = {
			isa = PBXNativeTarget;
			buildConfigurationList = 683DF58C24C61596009F8D71 /* Build configuration list for PBXNativeTarget "MidStateClothing" */;
			buildPhases = (
				683DF57424C61595009F8D71 /* Sources */,
				683DF57524C61595009F8D71 /* Frameworks */,
				683DF57624C61595009F8D71 /* Resources */,
			);
			buildRules = (
			);
			dependencies = (
			);
			name = MidStateClothing;
			productName = MidStateClothing;
			productReference = 683DF57824C61595009F8D71 /* MidStateClothing.app */;
			productType = "com.apple.product-type.application";
		};
/* End PBXNativeTarget section */

/* Begin PBXProject section */
		683DF57024C61595009F8D71 /* Project object */ = {
			isa = PBXProject;
			attributes = {
				LastSwiftUpdateCheck = 1140;
				LastUpgradeCheck = 1140;
				ORGANIZATIONNAME = "Tech World Solutions";
				TargetAttributes = {
					683DF57724C61595009F8D71 = {
						CreatedOnToolsVersion = 11.4.1;
					};
				};
			};
			buildConfigurationList = 683DF57324C61595009F8D71 /* Build configuration list for PBXProject "MidStateClothing" */;
			compatibilityVersion = "Xcode 9.3";
			developmentRegion = en;
			hasScannedForEncodings = 0;
			knownRegions = (
				en,
				Base,
			);
			mainGroup = 683DF56F24C61595009F8D71;
			productRefGroup = 683DF57924C61595009F8D71 /* Products */;
			projectDirPath = "";
			projectRoot = "";
			targets = (
				683DF57724C61595009F8D71 /* MidStateClothing */,
			);
		};
/* End PBXProject section */

/* Begin PBXResourcesBuildPhase section */
		683DF57624C61595009F8D71 /* Resources */ = {
			isa = PBXResourcesBuildPhase;
			buildActionMask = 2147483647;
			files = (
				683DF58824C61596009F8D71 /* LaunchScreen.storyboard in Resources */,
				683DF58524C61596009F8D71 /* Preview Assets.xcassets in Resources */,
				683DF58224C61596009F8D71 /* Assets.xcassets in Resources */,
			);
			runOnlyForDeploymentPostprocessing = 0;
		};
/* End PBXResourcesBuildPhase section */

/* Begin PBXSourcesBuildPhase section */
		683DF57424C61595009F8D71 /* Sources */ = {
			isa = PBXSourcesBuildPhase;
			buildActionMask = 2147483647;
			files = (
				683DF57C24C61595009F8D71 /* AppDelegate.swift in Sources */,
				683DF57E24C61595009F8D71 /* SceneDelegate.swift in Sources */,
				683DF59124C61DC3009F8D71 /* ShopNow.swift in Sources */,
				683DF58024C61595009F8D71 /* ContentView.swift in Sources */,
			);
			runOnlyForDeploymentPostprocessing = 0;
		};
/* End PBXSourcesBuildPhase section */

/* Begin PBXVariantGroup section */
		683DF58624C61596009F8D71 /* LaunchScreen.storyboard */ = {
			isa = PBXVariantGroup;
			children = (
				683DF58724C61596009F8D71 /* Base */,
			);
			name = LaunchScreen.storyboard;
			sourceTree = "<group>";
		};
/* End PBXVariantGroup section */

/* Begin XCBuildConfiguration section */
		683DF58A24C61596009F8D71 /* Debug */ = {
			isa = XCBuildConfiguration;
			buildSettings = {
				ALWAYS_SEARCH_USER_PATHS = NO;
				CLANG_ANALYZER_NONNULL = YES;
				CLANG_ANALYZER_NUMBER_OBJECT_CONVERSION = YES_AGGRESSIVE;
				CLANG_CXX_LANGUAGE_STANDARD = "gnu++14";
				CLANG_CXX_LIBRARY = "libc++";
				CLANG_ENABLE_MODULES = YES;
				CLANG_ENABLE_OBJC_ARC = YES;
				CLANG_ENABLE_OBJC_WEAK = YES;
				CLANG_WARN_BLOCK_CAPTURE_AUTORELEASING = YES;
				CLANG_WARN_BOOL_CONVERSION = YES;
				CLANG_WARN_COMMA = YES;
				CLANG_WARN_CONSTANT_CONVERSION = YES;
				CLANG_WARN_DEPRECATED_OBJC_IMPLEMENTATIONS = YES;
				CLANG_WARN_DIRECT_OBJC_ISA_USAGE = YES_ERROR;
				CLANG_WARN_DOCUMENTATION_COMMENTS = YES;
				CLANG_WARN_EMPTY_BODY = YES;
				CLANG_WARN_ENUM_CONVERSION = YES;
				CLANG_WARN_INFINITE_RECURSION = YES;
				CLANG_WARN_INT_CONVERSION = YES;
				CLANG_WARN_NON_LITERAL_NULL_CONVERSION = YES;
				CLANG_WARN_OBJC_IMPLICIT_RETAIN_SELF = YES;
				CLANG_WARN_OBJC_LITERAL_CONVERSION = YES;
				CLANG_WARN_OBJC_ROOT_CLASS = YES_ERROR;
				CLANG_WARN_RANGE_LOOP_ANALYSIS = YES;
				CLANG_WARN_STRICT_PROTOTYPES = YES;
				CLANG_WARN_SUSPICIOUS_MOVE = YES;
				CLANG_WARN_UNGUARDED_AVAILABILITY = YES_AGGRESSIVE;
				CLANG_WARN_UNREACHABLE_CODE = YES;
				CLANG_WARN__DUPLICATE_METHOD_MATCH = YES;
				COPY_PHASE_STRIP = NO;
				DEBUG_INFORMATION_FORMAT = dwarf;
				ENABLE_STRICT_OBJC_MSGSEND = YES;
				ENABLE_TESTABILITY = YES;
				GCC_C_LANGUAGE_STANDARD = gnu11;
				GCC_DYNAMIC_NO_PIC = NO;
				GCC_NO_COMMON_BLOCKS = YES;
				GCC_OPTIMIZATION_LEVEL = 0;
				GCC_PREPROCESSOR_DEFINITIONS = (
					"DEBUG=1",
					"$(inherited)",
				);
				GCC_WARN_64_TO_32_BIT_CONVERSION = YES;
				GCC_WARN_ABOUT_RETURN_TYPE = YES_ERROR;
				GCC_WARN_UNDECLARED_SELECTOR = YES;
				GCC_WARN_UNINITIALIZED_AUTOS = YES_AGGRESSIVE;
				GCC_WARN_UNUSED_FUNCTION = YES;
				GCC_WARN_UNUSED_VARIABLE = YES;
				IPHONEOS_DEPLOYMENT_TARGET = 13.4;
				MTL_ENABLE_DEBUG_INFO = INCLUDE_SOURCE;
				MTL_FAST_MATH = YES;
				ONLY_ACTIVE_ARCH = YES;
				SDKROOT = iphoneos;
				SWIFT_ACTIVE_COMPILATION_CONDITIONS = DEBUG;
				SWIFT_OPTIMIZATION_LEVEL = "-Onone";
			};
			name = Debug;
		};
		683DF58B24C61596009F8D71 /* Release */ = {
			isa = XCBuildConfiguration;
			buildSettings = {
				ALWAYS_SEARCH_USER_PATHS = NO;
				CLANG_ANALYZER_NONNULL = YES;
				CLANG_ANALYZER_NUMBER_OBJECT_CONVERSION = YES_AGGRESSIVE;
				CLANG_CXX_LANGUAGE_STANDARD = "gnu++14";
				CLANG_CXX_LIBRARY = "libc++";
				CLANG_ENABLE_MODULES = YES;
				CLANG_ENABLE_OBJC_ARC = YES;
				CLANG_ENABLE_OBJC_WEAK = YES;
				CLANG_WARN_BLOCK_CAPTURE_AUTORELEASING = YES;
				CLANG_WARN_BOOL_CONVERSION = YES;
				CLANG_WARN_COMMA = YES;
				CLANG_WARN_CONSTANT_CONVERSION = YES;
				CLANG_WARN_DEPRECATED_OBJC_IMPLEMENTATIONS = YES;
				CLANG_WARN_DIRECT_OBJC_ISA_USAGE = YES_ERROR;
				CLANG_WARN_DOCUMENTATION_COMMENTS = YES;
				CLANG_WARN_EMPTY_BODY = YES;
				CLANG_WARN_ENUM_CONVERSION = YES;
				CLANG_WARN_INFINITE_RECURSION = YES;
				CLANG_WARN_INT_CONVERSION = YES;
				CLANG_WARN_NON_LITERAL_NULL_CONVERSION = YES;
				CLANG_WARN_OBJC_IMPLICIT_RETAIN_SELF = YES;
				CLANG_WARN_OBJC_LITERAL_CONVERSION = YES;
				CLANG_WARN_OBJC_ROOT_CLASS = YES_ERROR;
				CLANG_WARN_RANGE_LOOP_ANALYSIS = YES;
				CLANG_WARN_STRICT_PROTOTYPES = YES;
				CLANG_WARN_SUSPICIOUS_MOVE = YES;
				CLANG_WARN_UNGUARDED_AVAILABILITY = YES_AGGRESSIVE;
				CLANG_WARN_UNREACHABLE_CODE = YES;
				CLANG_WARN__DUPLICATE_METHOD_MATCH = YES;
				COPY_PHASE_STRIP = NO;
				DEBUG_INFORMATION_FORMAT = "dwarf-with-dsym";
				ENABLE_NS_ASSERTIONS = NO;
				ENABLE_STRICT_OBJC_MSGSEND = YES;
				GCC_C_LANGUAGE_STANDARD = gnu11;
				GCC_NO_COMMON_BLOCKS = YES;
				GCC_WARN_64_TO_32_BIT_CONVERSION = YES;
				GCC_WARN_ABOUT_RETURN_TYPE = YES_ERROR;
				GCC_WARN_UNDECLARED_SELECTOR = YES;
				GCC_WARN_UNINITIALIZED_AUTOS = YES_AGGRESSIVE;
				GCC_WARN_UNUSED_FUNCTION = YES;
				GCC_WARN_UNUSED_VARIABLE = YES;
				IPHONEOS_DEPLOYMENT_TARGET = 13.4;
				MTL_ENABLE_DEBUG_INFO = NO;
				MTL_FAST_MATH = YES;
				SDKROOT = iphoneos;
				SWIFT_COMPILATION_MODE = wholemodule;
				SWIFT_OPTIMIZATION_LEVEL = "-O";
				VALIDATE_PRODUCT = YES;
			};
			name = Release;
		};
		683DF58D24C61596009F8D71 /* Debug */ = {
			isa = XCBuildConfiguration;
			buildSettings = {
				ASSETCATALOG_COMPILER_APPICON_NAME = AppIcon;
				CODE_SIGN_STYLE = Automatic;
				DEVELOPMENT_ASSET_PATHS = "\"MidStateClothing/Preview Content\"";
				DEVELOPMENT_TEAM = P2B946HD8M;
				ENABLE_PREVIEWS = YES;
				INFOPLIST_FILE = MidStateClothing/Info.plist;
				LD_RUNPATH_SEARCH_PATHS = (
					"$(inherited)",
					"@executable_path/Frameworks",
				);
				PRODUCT_BUNDLE_IDENTIFIER = TechWorldSolutions.MidStateClothing;
				PRODUCT_NAME = "$(TARGET_NAME)";
				SWIFT_VERSION = 5.0;
				TARGETED_DEVICE_FAMILY = "1,2";
			};
			name = Debug;
		};
		683DF58E24C61596009F8D71 /* Release */ = {
			isa = XCBuildConfiguration;
			buildSettings = {
				ASSETCATALOG_COMPILER_APPICON_NAME = AppIcon;
				CODE_SIGN_STYLE = Automatic;
				DEVELOPMENT_ASSET_PATHS = "\"MidStateClothing/Preview Content\"";
				DEVELOPMENT_TEAM = P2B946HD8M;
				ENABLE_PREVIEWS = YES;
				INFOPLIST_FILE = MidStateClothing/Info.plist;
				LD_RUNPATH_SEARCH_PATHS = (
					"$(inherited)",
					"@executable_path/Frameworks",
				);
				PRODUCT_BUNDLE_IDENTIFIER = TechWorldSolutions.MidStateClothing;
				PRODUCT_NAME = "$(TARGET_NAME)";
				SWIFT_VERSION = 5.0;
				TARGETED_DEVICE_FAMILY = "1,2";
			};
			name = Release;
		};
/* End XCBuildConfiguration section */

/* Begin XCConfigurationList section */
		683DF57324C61595009F8D71 /* Build configuration list for PBXProject "MidStateClothing" */ = {
			isa = XCConfigurationList;
			buildConfigurations = (
				683DF58A24C61596009F8D71 /* Debug */,
				683DF58B24C61596009F8D71 /* Release */,
			);
			defaultConfigurationIsVisible = 0;
			defaultConfigurationName = Release;
		};
		683DF58C24C61596009F8D71 /* Build configuration list for PBXNativeTarget "MidStateClothing" */ = {
			isa = XCConfigurationList;
			buildConfigurations = (
				683DF58D24C61596009F8D71 /* Debug */,
				683DF58E24C61596009F8D71 /* Release */,
			);
			defaultConfigurationIsVisible = 0;
			defaultConfigurationName = Release;
		};
/* End XCConfigurationList section */
	};
	rootObject = 683DF57024C61595009F8D71 /* Project object */;
}
